
Microsoft Visual Studio Solution File, Format Version 12.00
# Visual Studio Version 17
VisualStudioVersion = 17.12.35707.178
MinimumVisualStudioVersion = 10.0.40219.1
Project("{FAE04EC0-301F-11D3-BF4B-00C04F79EFBC}") = "AvgElbrusEnjoyer", "AvgElbrusEnjoyer\AvgElbrusEnjoyer.csproj", "{72EF3DA0-E29E-459D-8FBE-B99465348274}"
EndProject
Project("{FAE04EC0-301F-11D3-BF4B-00C04F79EFBC}") = "ConsoleApp", "ConsoleApp\ConsoleApp.csproj", "{E45FACDB-BA45-4BBF-AB23-780BE1245580}"
EndProject
Global
	GlobalSection(SolutionConfigurationPlatforms) = preSolution
		Debug|Any CPU = Debug|Any CPU
		Release|Any CPU = Release|Any CPU
	EndGlobalSection
	GlobalSection(ProjectConfigurationPlatforms) = postSolution
		{72EF3DA0-E29E-459D-8FBE-B99465348274}.Debug|Any CPU.ActiveCfg = Debug|Any CPU
		{72EF3DA0-E29E-459D-8FBE-B99465348274}.Debug|Any CPU.Build.0 = Debug|Any CPU
		{72EF3DA0-E29E-459D-8FBE-B99465348274}.Release|Any CPU.ActiveCfg = Release|Any CPU
		{72EF3DA0-E29E-459D-8FBE-B99465348274}.Release|Any CPU.Build.0 = Release|Any CPU
		{E45FACDB-BA45-4BBF-AB23-780BE1245580}.Debug|Any CPU.ActiveCfg = Debug|Any CPU
		{E45FACDB-BA45-4BBF-AB23-780BE1245580}.Debug|Any CPU.Build.0 = Debug|Any CPU
		{E45FACDB-BA45-4BBF-AB23-780BE1245580}.Release|Any CPU.ActiveCfg = Release|Any CPU
		{E45FACDB-BA45-4BBF-AB23-780BE1245580}.Release|Any CPU.Build.0 = Release|Any CPU
	EndGlobalSection
	GlobalSection(SolutionProperties) = preSolution
		HideSolutionNode = FALSE
	EndGlobalSection
EndGlobal
